<?xml version="1.0" encoding="utf-8"?>
<Project ToolsVersion="4.0" xmlns="http://schemas.microsoft.com/developer/msbuild/2003">
  <ItemGroup>
    <Filter Include="Source">
      <UniqueIdentifier>{7f63fd80-9ce4-411c-8720-e4ca72b5ef24}</UniqueIdentifier>
    </Filter>
  </ItemGroup>
  <ItemGroup>
    <ClCompile Include="main.cpp">
      <Filter>Source</Filter>
    </ClCompile>
    <ClCompile Include="targa.cpp">
      <Filter>Source</Filter>
    </ClCompile>
    <ClCompile Include="PolyMesh.cpp">
      <Filter>Source</Filter>
    </ClCompile>
    <ClCompile Include="ExactPredicates.c">
      <Filter>Source</Filter>
    </ClCompile>
  </ItemGroup>
  <ItemGroup>
    <ClInclude Include="PolyMesh.h">
      <Filter>Source</Filter>
    </ClInclude>
    <ClInclude Include="targa.h">
      <Filter>Source</Filter>
    </ClInclude>
    <ClInclude Include="ExactPredicates.h">
      <Filter>Source</Filter>
    </ClInclude>
  </ItemGroup>
</Project>